{
  "version": 4,
  "terraform_version": "1.6.4",
  "serial": 16,
  "lineage": "834752b8-7a51-92b6-2886-28807aabd4d4",
  "outputs": {},
  "resources": [
    {
      "mode": "managed",
      "type": "google_bigquery_dataset",
      "name": "crimes_dataset",
      "provider": "provider[\"registry.terraform.io/hashicorp/google\"]",
      "instances": [
        {
          "schema_version": 0,
          "attributes": {
            "access": [
              {
                "dataset": [],
                "domain": "",
                "group_by_email": "",
                "iam_member": "",
                "role": "OWNER",
                "routine": [],
                "special_group": "",
                "user_by_email": "mini-projet-gcp@cyril-njitari.iam.gserviceaccount.com",
                "view": []
              },
              {
                "dataset": [],
                "domain": "",
                "group_by_email": "",
                "iam_member": "",
                "role": "OWNER",
                "routine": [],
                "special_group": "projectOwners",
                "user_by_email": "",
                "view": []
              },
              {
                "dataset": [],
                "domain": "",
                "group_by_email": "",
                "iam_member": "",
                "role": "READER",
                "routine": [],
                "special_group": "projectReaders",
                "user_by_email": "",
                "view": []
              },
              {
                "dataset": [],
                "domain": "",
                "group_by_email": "",
                "iam_member": "",
                "role": "WRITER",
                "routine": [],
                "special_group": "projectWriters",
                "user_by_email": "",
                "view": []
              }
            ],
            "creation_time": 1702677193615,
            "dataset_id": "archi1_dataset_final_a2",
            "default_collation": "",
            "default_encryption_configuration": [],
            "default_partition_expiration_ms": 0,
            "default_table_expiration_ms": 0,
            "delete_contents_on_destroy": false,
            "description": "",
            "effective_labels": {},
            "etag": "YE+ilkFVGEALuOXyllfq8g==",
            "friendly_name": "",
            "id": "projects/cyril-njitari/datasets/archi1_dataset_final_a2",
            "is_case_insensitive": false,
            "labels": {},
            "last_modified_time": 1702677193615,
            "location": "europe-west1",
            "max_time_travel_hours": "",
            "project": "cyril-njitari",
            "self_link": "https://bigquery.googleapis.com/bigquery/v2/projects/cyril-njitari/datasets/archi1_dataset_final_a2",
            "storage_billing_model": "",
            "terraform_labels": {},
            "timeouts": null
          },
          "sensitive_attributes": [],
          "private": "eyJlMmJmYjczMC1lY2FhLTExZTYtOGY4OC0zNDM2M2JjN2M0YzAiOnsiY3JlYXRlIjoxMjAwMDAwMDAwMDAwLCJkZWxldGUiOjEyMDAwMDAwMDAwMDAsInVwZGF0ZSI6MTIwMDAwMDAwMDAwMH19"
        }
      ]
    },
    {
      "mode": "managed",
      "type": "google_cloudfunctions2_function",
      "name": "submit_dataproc_job_final",
      "provider": "provider[\"registry.terraform.io/hashicorp/google\"]",
      "instances": [
        {
          "schema_version": 0,
          "attributes": {
            "build_config": [
              {
                "build": "projects/438089161156/locations/europe-west1/builds/0f7b4947-aa5c-4551-ab29-17c17c4c5041",
                "docker_repository": "",
                "entry_point": "submit_dataproc_spark_job_2",
                "environment_variables": {},
                "runtime": "python39",
                "source": [
                  {
                    "repo_source": [],
                    "storage_source": [
                      {
                        "bucket": "crimes_bucket_final_a2-function-source2",
                        "generation": 1702682525722930,
                        "object": "source2.zip"
                      }
                    ]
                  }
                ],
                "worker_pool": ""
              }
            ],
            "description": "Dataproc Job Submission Function",
            "effective_labels": {},
            "environment": "GEN_2",
            "event_trigger": [
              {
                "event_filters": [],
                "event_type": "google.cloud.pubsub.topic.v1.messagePublished",
                "pubsub_topic": "projects/cyril-njitari/topics/dataproc_job_trigger_spark_2",
                "retry_policy": "RETRY_POLICY_DO_NOT_RETRY",
                "service_account_email": "438089161156-compute@developer.gserviceaccount.com",
                "trigger": "projects/cyril-njitari/locations/europe-west1/triggers/submit-dataproc-job-a2-590749",
                "trigger_region": "europe-west1"
              }
            ],
            "id": "projects/cyril-njitari/locations/europe-west1/functions/submit-dataproc-job_a2",
            "kms_key_name": "",
            "labels": {},
            "location": "europe-west1",
            "name": "submit-dataproc-job_a2",
            "project": "cyril-njitari",
            "service_config": [
              {
                "all_traffic_on_latest_revision": true,
                "available_cpu": "0.1666",
                "available_memory": "256M",
                "environment_variables": {
                  "BUCKET_NAME": "crimes_bucket_final_a2",
                  "DATAPROC_CLUSTER": "dtpcrime-finala2",
                  "PROJECT_ID": "cyril-njitari",
                  "REGION": "europe-west1"
                },
                "gcf_uri": "",
                "ingress_settings": "ALLOW_ALL",
                "max_instance_count": 100,
                "max_instance_request_concurrency": 1,
                "min_instance_count": 0,
                "secret_environment_variables": [],
                "secret_volumes": [],
                "service": "projects/cyril-njitari/locations/europe-west1/services/submit-dataproc-job-a2",
                "service_account_email": "mini-projet-gcp@cyril-njitari.iam.gserviceaccount.com",
                "timeout_seconds": 60,
                "uri": "https://submit-dataproc-job-a2-vri6ovgbma-ew.a.run.app",
                "vpc_connector": "",
                "vpc_connector_egress_settings": ""
              }
            ],
            "state": "ACTIVE",
            "terraform_labels": {},
            "timeouts": null,
            "update_time": "2023-12-15T23:22:43.766633388Z",
            "url": "https://europe-west1-cyril-njitari.cloudfunctions.net/submit-dataproc-job_a2"
          },
          "sensitive_attributes": [],
          "private": "eyJlMmJmYjczMC1lY2FhLTExZTYtOGY4OC0zNDM2M2JjN2M0YzAiOnsiY3JlYXRlIjozNjAwMDAwMDAwMDAwLCJkZWxldGUiOjM2MDAwMDAwMDAwMDAsInVwZGF0ZSI6MzYwMDAwMDAwMDAwMH19",
          "dependencies": [
            "google_pubsub_topic.dataproc_job_trigger_spark",
            "google_storage_bucket.cloud_function_source",
            "google_storage_bucket_object.function_source"
          ]
        }
      ]
    },
    {
      "mode": "managed",
      "type": "google_pubsub_topic",
      "name": "dataproc_job_trigger_spark",
      "provider": "provider[\"registry.terraform.io/hashicorp/google\"]",
      "instances": [
        {
          "schema_version": 0,
          "attributes": {
            "effective_labels": {},
            "id": "projects/cyril-njitari/topics/dataproc_job_trigger_spark_2",
            "kms_key_name": "",
            "labels": {},
            "message_retention_duration": "",
            "message_storage_policy": [],
            "name": "dataproc_job_trigger_spark_2",
            "project": "cyril-njitari",
            "schema_settings": [],
            "terraform_labels": {},
            "timeouts": null
          },
          "sensitive_attributes": [],
          "private": "eyJlMmJmYjczMC1lY2FhLTExZTYtOGY4OC0zNDM2M2JjN2M0YzAiOnsiY3JlYXRlIjoxMjAwMDAwMDAwMDAwLCJkZWxldGUiOjEyMDAwMDAwMDAwMDAsInVwZGF0ZSI6MTIwMDAwMDAwMDAwMH19"
        }
      ]
    },
    {
      "mode": "managed",
      "type": "google_storage_bucket",
      "name": "cloud_function_source",
      "provider": "provider[\"registry.terraform.io/hashicorp/google\"]",
      "instances": [
        {
          "schema_version": 1,
          "attributes": {
            "autoclass": [],
            "cors": [],
            "custom_placement_config": [],
            "default_event_based_hold": false,
            "effective_labels": {},
            "enable_object_retention": false,
            "encryption": [],
            "force_destroy": false,
            "id": "crimes_bucket_final_a2-function-source2",
            "labels": {},
            "lifecycle_rule": [],
            "location": "EUROPE-WEST1",
            "logging": [],
            "name": "crimes_bucket_final_a2-function-source2",
            "project": "cyril-njitari",
            "public_access_prevention": "inherited",
            "requester_pays": false,
            "retention_policy": [],
            "self_link": "https://www.googleapis.com/storage/v1/b/crimes_bucket_final_a2-function-source2",
            "storage_class": "STANDARD",
            "terraform_labels": {},
            "timeouts": null,
            "uniform_bucket_level_access": false,
            "url": "gs://crimes_bucket_final_a2-function-source2",
            "versioning": [],
            "website": []
          },
          "sensitive_attributes": [],
          "private": "eyJlMmJmYjczMC1lY2FhLTExZTYtOGY4OC0zNDM2M2JjN2M0YzAiOnsiY3JlYXRlIjo2MDAwMDAwMDAwMDAsInJlYWQiOjI0MDAwMDAwMDAwMCwidXBkYXRlIjoyNDAwMDAwMDAwMDB9LCJzY2hlbWFfdmVyc2lvbiI6IjEifQ=="
        }
      ]
    },
    {
      "mode": "managed",
      "type": "google_storage_bucket",
      "name": "crimes_data_bucket",
      "provider": "provider[\"registry.terraform.io/hashicorp/google\"]",
      "instances": [
        {
          "schema_version": 1,
          "attributes": {
            "autoclass": [],
            "cors": [],
            "custom_placement_config": [],
            "default_event_based_hold": false,
            "effective_labels": {},
            "enable_object_retention": false,
            "encryption": [],
            "force_destroy": false,
            "id": "crimes_bucket_final_a2",
            "labels": {},
            "lifecycle_rule": [],
            "location": "EUROPE-WEST1",
            "logging": [],
            "name": "crimes_bucket_final_a2",
            "project": "cyril-njitari",
            "public_access_prevention": "inherited",
            "requester_pays": false,
            "retention_policy": [],
            "self_link": "https://www.googleapis.com/storage/v1/b/crimes_bucket_final_a2",
            "storage_class": "STANDARD",
            "terraform_labels": {},
            "timeouts": null,
            "uniform_bucket_level_access": false,
            "url": "gs://crimes_bucket_final_a2",
            "versioning": [],
            "website": []
          },
          "sensitive_attributes": [],
          "private": "eyJlMmJmYjczMC1lY2FhLTExZTYtOGY4OC0zNDM2M2JjN2M0YzAiOnsiY3JlYXRlIjo2MDAwMDAwMDAwMDAsInJlYWQiOjI0MDAwMDAwMDAwMCwidXBkYXRlIjoyNDAwMDAwMDAwMDB9LCJzY2hlbWFfdmVyc2lvbiI6IjEifQ=="
        }
      ]
    },
    {
      "mode": "managed",
      "type": "google_storage_bucket",
      "name": "crimes_data_bucket_output",
      "provider": "provider[\"registry.terraform.io/hashicorp/google\"]",
      "instances": [
        {
          "schema_version": 1,
          "attributes": {
            "autoclass": [],
            "cors": [],
            "custom_placement_config": [],
            "default_event_based_hold": false,
            "effective_labels": {},
            "enable_object_retention": false,
            "encryption": [],
            "force_destroy": false,
            "id": "cyrilo_bucket_final_a2",
            "labels": {},
            "lifecycle_rule": [],
            "location": "EUROPE-WEST1",
            "logging": [],
            "name": "cyrilo_bucket_final_a2",
            "project": "cyril-njitari",
            "public_access_prevention": "inherited",
            "requester_pays": false,
            "retention_policy": [],
            "self_link": "https://www.googleapis.com/storage/v1/b/cyrilo_bucket_final_a2",
            "storage_class": "STANDARD",
            "terraform_labels": {},
            "timeouts": null,
            "uniform_bucket_level_access": false,
            "url": "gs://cyrilo_bucket_final_a2",
            "versioning": [],
            "website": []
          },
          "sensitive_attributes": [],
          "private": "eyJlMmJmYjczMC1lY2FhLTExZTYtOGY4OC0zNDM2M2JjN2M0YzAiOnsiY3JlYXRlIjo2MDAwMDAwMDAwMDAsInJlYWQiOjI0MDAwMDAwMDAwMCwidXBkYXRlIjoyNDAwMDAwMDAwMDB9LCJzY2hlbWFfdmVyc2lvbiI6IjEifQ=="
        }
      ]
    },
    {
      "mode": "managed",
      "type": "google_storage_bucket_object",
      "name": "function_source",
      "provider": "provider[\"registry.terraform.io/hashicorp/google\"]",
      "instances": [
        {
          "schema_version": 0,
          "attributes": {
            "bucket": "crimes_bucket_final_a2-function-source2",
            "cache_control": "",
            "content": null,
            "content_disposition": "",
            "content_encoding": "",
            "content_language": "",
            "content_type": "application/zip",
            "crc32c": "xBKSOw==",
            "customer_encryption": [],
            "detect_md5hash": "DEkxiWKwn8NJ48pGdJKYlw==",
            "event_based_hold": false,
            "id": "crimes_bucket_final_a2-function-source2-source2.zip",
            "kms_key_name": "",
            "md5hash": "DEkxiWKwn8NJ48pGdJKYlw==",
            "media_link": "https://storage.googleapis.com/download/storage/v1/b/crimes_bucket_final_a2-function-source2/o/source2.zip?generation=1702679057764167\u0026alt=media",
            "metadata": {},
            "name": "source2.zip",
            "output_name": "source2.zip",
            "retention": [],
            "self_link": "https://www.googleapis.com/storage/v1/b/crimes_bucket_final_a2-function-source2/o/source2.zip",
            "source": "source2.zip",
            "storage_class": "STANDARD",
            "temporary_hold": false,
            "timeouts": null
          },
          "sensitive_attributes": [],
          "private": "eyJlMmJmYjczMC1lY2FhLTExZTYtOGY4OC0zNDM2M2JjN2M0YzAiOnsiY3JlYXRlIjoyNDAwMDAwMDAwMDAsImRlbGV0ZSI6MjQwMDAwMDAwMDAwLCJ1cGRhdGUiOjI0MDAwMDAwMDAwMH19",
          "dependencies": [
            "google_storage_bucket.cloud_function_source"
          ]
        }
      ]
    }
  ],
  "check_results": null
}
